
Microsoft Visual Studio Solution File, Format Version 12.00
# Visual Studio Version 16
VisualStudioVersion = 16.0.29905.134
MinimumVisualStudioVersion = 10.0.40219.1
Project("{9A19103F-16F7-4668-BE54-9A1E7A4F7556}") = "MiniCactpotSolverPlugin", "dwyl.MiniCactpotSolverPlugin\MiniCactpotSolverPlugin.csproj", "{7D596552-E137-41E0-A101-10B24D55130F}"
EndProject
Project("{9A19103F-16F7-4668-BE54-9A1E7A4F7556}") = "GetMgpExpectationFunction.Composition", "..\GetMgpExpectationFunction.Composition\source\dwyl.GetMgpExpectationFunction.Composition\GetMgpExpectationFunction.Composition.csproj", "{B99D340D-F057-4638-AE99-3867E52FA660}"
EndProject
Global
	GlobalSection(SolutionConfigurationPlatforms) = preSolution
		Debug|Any CPU = Debug|Any CPU
		Release|Any CPU = Release|Any CPU
	EndGlobalSection
	GlobalSection(ProjectConfigurationPlatforms) = postSolution
		{7D596552-E137-41E0-A101-10B24D55130F}.Debug|Any CPU.ActiveCfg = Debug|Any CPU
		{7D596552-E137-41E0-A101-10B24D55130F}.Debug|Any CPU.Build.0 = Debug|Any CPU
		{7D596552-E137-41E0-A101-10B24D55130F}.Release|Any CPU.ActiveCfg = Release|Any CPU
		{7D596552-E137-41E0-A101-10B24D55130F}.Release|Any CPU.Build.0 = Release|Any CPU
		{B99D340D-F057-4638-AE99-3867E52FA660}.Debug|Any CPU.ActiveCfg = Debug|Any CPU
		{B99D340D-F057-4638-AE99-3867E52FA660}.Debug|Any CPU.Build.0 = Debug|Any CPU
		{B99D340D-F057-4638-AE99-3867E52FA660}.Release|Any CPU.ActiveCfg = Release|Any CPU
		{B99D340D-F057-4638-AE99-3867E52FA660}.Release|Any CPU.Build.0 = Release|Any CPU
	EndGlobalSection
	GlobalSection(SolutionProperties) = preSolution
		HideSolutionNode = FALSE
	EndGlobalSection
	GlobalSection(ExtensibilityGlobals) = postSolution
		SolutionGuid = {F098E91B-E5F9-4D4C-ADAD-21008E6F2AC3}
	EndGlobalSection
EndGlobal
